// !$*UTF8*$!
{
	archiveVersion = 1;
	classes = {
	};
	objectVersion = 46;
	objects = {

/* Begin PBXBuildFile section */
		048A11771BB0D3AA00D6D02E /* MainViewController.swift in Sources */ = {isa = PBXBuildFile; fileRef = 048A11761BB0D3AA00D6D02E /* MainViewController.swift */; settings = {ASSET_TAGS = (); }; };
		04B3D3F71BA79B6800577649 /* AppDelegate.swift in Sources */ = {isa = PBXBuildFile; fileRef = 04B3D3F61BA79B6800577649 /* AppDelegate.swift */; };
		04B3D3FC1BA79B6800577649 /* Main.storyboard in Resources */ = {isa = PBXBuildFile; fileRef = 04B3D3FA1BA79B6800577649 /* Main.storyboard */; };
		04B3D3FE1BA79B6800577649 /* Images.xcassets in Resources */ = {isa = PBXBuildFile; fileRef = 04B3D3FD1BA79B6800577649 /* Images.xcassets */; };
		04B3D4011BA79B6800577649 /* LaunchScreen.xib in Resources */ = {isa = PBXBuildFile; fileRef = 04B3D3FF1BA79B6800577649 /* LaunchScreen.xib */; };
		04B3D40D1BA79B6800577649 /* TableSearchTests.swift in Sources */ = {isa = PBXBuildFile; fileRef = 04B3D40C1BA79B6800577649 /* TableSearchTests.swift */; };
		04B3D4171BA7A08200577649 /* TableViewController.swift in Sources */ = {isa = PBXBuildFile; fileRef = 04B3D4161BA7A08200577649 /* TableViewController.swift */; };
		04B3D4191BA7A0AB00577649 /* Model.swift in Sources */ = {isa = PBXBuildFile; fileRef = 04B3D4181BA7A0AB00577649 /* Model.swift */; };
/* End PBXBuildFile section */

/* Begin PBXContainerItemProxy section */
		04B3D4071BA79B6800577649 /* PBXContainerItemProxy */ = {
			isa = PBXContainerItemProxy;
			containerPortal = 04B3D3E91BA79B6800577649 /* Project object */;
			proxyType = 1;
			remoteGlobalIDString = 04B3D3F01BA79B6800577649;
			remoteInfo = TableSearch;
		};
/* End PBXContainerItemProxy section */

/* Begin PBXFileReference section */
		048A11761BB0D3AA00D6D02E /* MainViewController.swift */ = {isa = PBXFileReference; fileEncoding = 4; lastKnownFileType = sourcecode.swift; path = MainViewController.swift; sourceTree = "<group>"; };
		04B3D3F11BA79B6800577649 /* TableSearch.app */ = {isa = PBXFileReference; explicitFileType = wrapper.application; includeInIndex = 0; path = TableSearch.app; sourceTree = BUILT_PRODUCTS_DIR; };
		04B3D3F51BA79B6800577649 /* Info.plist */ = {isa = PBXFileReference; lastKnownFileType = text.plist.xml; path = Info.plist; sourceTree = "<group>"; };
		04B3D3F61BA79B6800577649 /* AppDelegate.swift */ = {isa = PBXFileReference; lastKnownFileType = sourcecode.swift; path = AppDelegate.swift; sourceTree = "<group>"; };
		04B3D3FB1BA79B6800577649 /* Base */ = {isa = PBXFileReference; lastKnownFileType = file.storyboard; name = Base; path = Base.lproj/Main.storyboard; sourceTree = "<group>"; };
		04B3D3FD1BA79B6800577649 /* Images.xcassets */ = {isa = PBXFileReference; lastKnownFileType = folder.assetcatalog; path = Images.xcassets; sourceTree = "<group>"; };
		04B3D4001BA79B6800577649 /* Base */ = {isa = PBXFileReference; lastKnownFileType = file.xib; name = Base; path = Base.lproj/LaunchScreen.xib; sourceTree = "<group>"; };
		04B3D4061BA79B6800577649 /* TableSearchTests.xctest */ = {isa = PBXFileReference; explicitFileType = wrapper.cfbundle; includeInIndex = 0; path = TableSearchTests.xctest; sourceTree = BUILT_PRODUCTS_DIR; };
		04B3D40B1BA79B6800577649 /* Info.plist */ = {isa = PBXFileReference; lastKnownFileType = text.plist.xml; path = Info.plist; sourceTree = "<group>"; };
		04B3D40C1BA79B6800577649 /* TableSearchTests.swift */ = {isa = PBXFileReference; lastKnownFileType = sourcecode.swift; path = TableSearchTests.swift; sourceTree = "<group>"; };
		04B3D4161BA7A08200577649 /* TableViewController.swift */ = {isa = PBXFileReference; fileEncoding = 4; lastKnownFileType = sourcecode.swift; path = TableViewController.swift; sourceTree = "<group>"; };
		04B3D4181BA7A0AB00577649 /* Model.swift */ = {isa = PBXFileReference; fileEncoding = 4; lastKnownFileType = sourcecode.swift; path = Model.swift; sourceTree = "<group>"; };
/* End PBXFileReference section */

/* Begin PBXFrameworksBuildPhase section */
		04B3D3EE1BA79B6800577649 /* Frameworks */ = {
			isa = PBXFrameworksBuildPhase;
			buildActionMask = 2147483647;
			files = (
			);
			runOnlyForDeploymentPostprocessing = 0;
		};
		04B3D4031BA79B6800577649 /* Frameworks */ = {
			isa = PBXFrameworksBuildPhase;
			buildActionMask = 2147483647;
			files = (
			);
			runOnlyForDeploymentPostprocessing = 0;
		};
/* End PBXFrameworksBuildPhase section */

/* Begin PBXGroup section */
		04B3D3E81BA79B6800577649 = {
			isa = PBXGroup;
			children = (
				04B3D3F31BA79B6800577649 /* TableSearch */,
				04B3D4091BA79B6800577649 /* TableSearchTests */,
				04B3D3F21BA79B6800577649 /* Products */,
			);
			sourceTree = "<group>";
		};
		04B3D3F21BA79B6800577649 /* Products */ = {
			isa = PBXGroup;
			children = (
				04B3D3F11BA79B6800577649 /* TableSearch.app */,
				04B3D4061BA79B6800577649 /* TableSearchTests.xctest */,
			);
			name = Products;
			sourceTree = "<group>";
		};
		04B3D3F31BA79B6800577649 /* TableSearch */ = {
			isa = PBXGroup;
			children = (
				04B3D3FA1BA79B6800577649 /* Main.storyboard */,
				048A11761BB0D3AA00D6D02E /* MainViewController.swift */,
				04B3D4161BA7A08200577649 /* TableViewController.swift */,
				04B3D4181BA7A0AB00577649 /* Model.swift */,
				04B3D3F41BA79B6800577649 /* Supporting Files */,
			);
			path = TableSearch;
			sourceTree = "<group>";
		};
		04B3D3F41BA79B6800577649 /* Supporting Files */ = {
			isa = PBXGroup;
			children = (
				04B3D3FF1BA79B6800577649 /* LaunchScreen.xib */,
				04B3D3FD1BA79B6800577649 /* Images.xcassets */,
				04B3D3F61BA79B6800577649 /* AppDelegate.swift */,
				04B3D3F51BA79B6800577649 /* Info.plist */,
			);
			name = "Supporting Files";
			sourceTree = "<group>";
		};
		04B3D4091BA79B6800577649 /* TableSearchTests */ = {
			isa = PBXGroup;
			children = (
				04B3D40C1BA79B6800577649 /* TableSearchTests.swift */,
				04B3D40A1BA79B6800577649 /* Supporting Files */,
			);
			path = TableSearchTests;
			sourceTree = "<group>";
		};
		04B3D40A1BA79B6800577649 /* Supporting Files */ = {
			isa = PBXGroup;
			children = (
				04B3D40B1BA79B6800577649 /* Info.plist */,
			);
			name = "Supporting Files";
			sourceTree = "<group>";
		};
/* End PBXGroup section */

/* Begin PBXNativeTarget section */
		04B3D3F01BA79B6800577649 /* TableSearch */ = {
			isa = PBXNativeTarget;
			buildConfigurationList = 04B3D4101BA79B6800577649 /* Build configuration list for PBXNativeTarget "TableSearch" */;
			buildPhases = (
				04B3D3ED1BA79B6800577649 /* Sources */,
				04B3D3EE1BA79B6800577649 /* Frameworks */,
				04B3D3EF1BA79B6800577649 /* Resources */,
			);
			buildRules = (
			);
			dependencies = (
			);
			name = TableSearch;
			productName = TableSearch;
			productReference = 04B3D3F11BA79B6800577649 /* TableSearch.app */;
			productType = "com.apple.product-type.application";
		};
		04B3D4051BA79B6800577649 /* TableSearchTests */ = {
			isa = PBXNativeTarget;
			buildConfigurationList = 04B3D4131BA79B6800577649 /* Build configuration list for PBXNativeTarget "TableSearchTests" */;
			buildPhases = (
				04B3D4021BA79B6800577649 /* Sources */,
				04B3D4031BA79B6800577649 /* Frameworks */,
				04B3D4041BA79B6800577649 /* Resources */,
			);
			buildRules = (
			);
			dependencies = (
				04B3D4081BA79B6800577649 /* PBXTargetDependency */,
			);
			name = TableSearchTests;
			productName = TableSearchTests;
			productReference = 04B3D4061BA79B6800577649 /* TableSearchTests.xctest */;
			productType = "com.apple.product-type.bundle.unit-test";
		};
/* End PBXNativeTarget section */

/* Begin PBXProject section */
		04B3D3E91BA79B6800577649 /* Project object */ = {
			isa = PBXProject;
			attributes = {
				LastSwiftMigration = 0700;
				LastSwiftUpdateCheck = 0700;
				LastUpgradeCheck = 0700;
				ORGANIZATIONNAME = "Dtown Apps";
				TargetAttributes = {
					04B3D3F01BA79B6800577649 = {
						CreatedOnToolsVersion = 6.4;
					};
					04B3D4051BA79B6800577649 = {
						CreatedOnToolsVersion = 6.4;
						TestTargetID = 04B3D3F01BA79B6800577649;
					};
				};
			};
			buildConfigurationList = 04B3D3EC1BA79B6800577649 /* Build configuration list for PBXProject "TableSearch" */;
			compatibilityVersion = "Xcode 3.2";
			developmentRegion = English;
			hasScannedForEncodings = 0;
			knownRegions = (
				en,
				Base,
			);
			mainGroup = 04B3D3E81BA79B6800577649;
			productRefGroup = 04B3D3F21BA79B6800577649 /* Products */;
			projectDirPath = "";
			projectRoot = "";
			targets = (
				04B3D3F01BA79B6800577649 /* TableSearch */,
				04B3D4051BA79B6800577649 /* TableSearchTests */,
			);
		};
/* End PBXProject section */

/* Begin PBXResourcesBuildPhase section */
		04B3D3EF1BA79B6800577649 /* Resources */ = {
			isa = PBXResourcesBuildPhase;
			buildActionMask = 2147483647;
			files = (
				04B3D3FC1BA79B6800577649 /* Main.storyboard in Resources */,
				04B3D4011BA79B6800577649 /* LaunchScreen.xib in Resources */,
				04B3D3FE1BA79B6800577649 /* Images.xcassets in Resources */,
			);
			runOnlyForDeploymentPostprocessing = 0;
		};
		04B3D4041BA79B6800577649 /* Resources */ = {
			isa = PBXResourcesBuildPhase;
			buildActionMask = 2147483647;
			files = (
			);
			runOnlyForDeploymentPostprocessing = 0;
		};
/* End PBXResourcesBuildPhase section */

/* Begin PBXSourcesBuildPhase section */
		04B3D3ED1BA79B6800577649 /* Sources */ = {
			isa = PBXSourcesBuildPhase;
			buildActionMask = 2147483647;
			files = (
				04B3D4191BA7A0AB00577649 /* Model.swift in Sources */,
				04B3D3F71BA79B6800577649 /* AppDelegate.swift in Sources */,
				04B3D4171BA7A08200577649 /* TableViewController.swift in Sources */,
				048A11771BB0D3AA00D6D02E /* MainViewController.swift in Sources */,
			);
			runOnlyForDeploymentPostprocessing = 0;
		};
		04B3D4021BA79B6800577649 /* Sources */ = {
			isa = PBXSourcesBuildPhase;
			buildActionMask = 2147483647;
			files = (
				04B3D40D1BA79B6800577649 /* TableSearchTests.swift in Sources */,
			);
			runOnlyForDeploymentPostprocessing = 0;
		};
/* End PBXSourcesBuildPhase section */

/* Begin PBXTargetDependency section */
		04B3D4081BA79B6800577649 /* PBXTargetDependency */ = {
			isa = PBXTargetDependency;
			target = 04B3D3F01BA79B6800577649 /* TableSearch */;
			targetProxy = 04B3D4071BA79B6800577649 /* PBXContainerItemProxy */;
		};
/* End PBXTargetDependency section */

/* Begin PBXVariantGroup section */
		04B3D3FA1BA79B6800577649 /* Main.storyboard */ = {
			isa = PBXVariantGroup;
			children = (
				04B3D3FB1BA79B6800577649 /* Base */,
			);
			name = Main.storyboard;
			sourceTree = "<group>";
		};
		04B3D3FF1BA79B6800577649 /* LaunchScreen.xib */ = {
			isa = PBXVariantGroup;
			children = (
				04B3D4001BA79B6800577649 /* Base */,
			);
			name = LaunchScreen.xib;
			sourceTree = "<group>";
		};
/* End PBXVariantGroup section */

/* Begin XCBuildConfiguration section */
		04B3D40E1BA79B6800577649 /* Debug */ = {
			isa = XCBuildConfiguration;
			buildSettings = {
				ALWAYS_SEARCH_USER_PATHS = NO;
				CLANG_CXX_LANGUAGE_STANDARD = "gnu++0x";
				CLANG_CXX_LIBRARY = "libc++";
				CLANG_ENABLE_MODULES = YES;
				CLANG_ENABLE_OBJC_ARC = YES;
				CLANG_WARN_BOOL_CONVERSION = YES;
				CLANG_WARN_CONSTANT_CONVERSION = YES;
				CLANG_WARN_DIRECT_OBJC_ISA_USAGE = YES_ERROR;
				CLANG_WARN_EMPTY_BODY = YES;
				CLANG_WARN_ENUM_CONVERSION = YES;
				CLANG_WARN_INT_CONVERSION = YES;
				CLANG_WARN_OBJC_ROOT_CLASS = YES_ERROR;
				CLANG_WARN_UNREACHABLE_CODE = YES;
				CLANG_WARN__DUPLICATE_METHOD_MATCH = YES;
				"CODE_SIGN_IDENTITY[sdk=iphoneos*]" = "iPhone Developer";
				COPY_PHASE_STRIP = NO;
				DEBUG_INFORMATION_FORMAT = "dwarf-with-dsym";
				ENABLE_STRICT_OBJC_MSGSEND = YES;
				ENABLE_TESTABILITY = YES;
				GCC_C_LANGUAGE_STANDARD = gnu99;
				GCC_DYNAMIC_NO_PIC = NO;
				GCC_NO_COMMON_BLOCKS = YES;
				GCC_OPTIMIZATION_LEVEL = 0;
				GCC_PREPROCESSOR_DEFINITIONS = (
					"DEBUG=1",
					"$(inherited)",
				);
				GCC_SYMBOLS_PRIVATE_EXTERN = NO;
				GCC_WARN_64_TO_32_BIT_CONVERSION = YES;
				GCC_WARN_ABOUT_RETURN_TYPE = YES_ERROR;
				GCC_WARN_UNDECLARED_SELECTOR = YES;
				GCC_WARN_UNINITIALIZED_AUTOS = YES_AGGRESSIVE;
				GCC_WARN_UNUSED_FUNCTION = YES;
				GCC_WARN_UNUSED_VARIABLE = YES;
				IPHONEOS_DEPLOYMENT_TARGET = 8.4;
				MTL_ENABLE_DEBUG_INFO = YES;
				ONLY_ACTIVE_ARCH = YES;
				SDKROOT = iphoneos;
				SWIFT_OPTIMIZATION_LEVEL = "-Onone";
			};
			name = Debug;
		};
		04B3D40F1BA79B6800577649 /* Release */ = {
			isa = XCBuildConfiguration;
			buildSettings = {
				ALWAYS_SEARCH_USER_PATHS = NO;
				CLANG_CXX_LANGUAGE_STANDARD = "gnu++0x";
				CLANG_CXX_LIBRARY = "libc++";
				CLANG_ENABLE_MODULES = YES;
				CLANG_ENABLE_OBJC_ARC = YES;
				CLANG_WARN_BOOL_CONVERSION = YES;
				CLANG_WARN_CONSTANT_CONVERSION = YES;
				CLANG_WARN_DIRECT_OBJC_ISA_USAGE = YES_ERROR;
				CLANG_WARN_EMPTY_BODY = YES;
				CLANG_WARN_ENUM_CONVERSION = YES;
				CLANG_WARN_INT_CONVERSION = YES;
				CLANG_WARN_OBJC_ROOT_CLASS = YES_ERROR;
				CLANG_WARN_UNREACHABLE_CODE = YES;
				CLANG_WARN__DUPLICATE_METHOD_MATCH = YES;
				"CODE_SIGN_IDENTITY[sdk=iphoneos*]" = "iPhone Developer";
				COPY_PHASE_STRIP = NO;
				DEBUG_INFORMATION_FORMAT = "dwarf-with-dsym";
				ENABLE_NS_ASSERTIONS = NO;
				ENABLE_STRICT_OBJC_MSGSEND = YES;
				GCC_C_LANGUAGE_STANDARD = gnu99;
				GCC_NO_COMMON_BLOCKS = YES;
				GCC_WARN_64_TO_32_BIT_CONVERSION = YES;
				GCC_WARN_ABOUT_RETURN_TYPE = YES_ERROR;
				GCC_WARN_UNDECLARED_SELECTOR = YES;
				GCC_WARN_UNINITIALIZED_AUTOS = YES_AGGRESSIVE;
				GCC_WARN_UNUSED_FUNCTION = YES;
				GCC_WARN_UNUSED_VARIABLE = YES;
				IPHONEOS_DEPLOYMENT_TARGET = 8.4;
				MTL_ENABLE_DEBUG_INFO = NO;
				SDKROOT = iphoneos;
				VALIDATE_PRODUCT = YES;
			};
			name = Release;
		};
		04B3D4111BA79B6800577649 /* Debug */ = {
			isa = XCBuildConfiguration;
			buildSettings = {
				ASSETCATALOG_COMPILER_APPICON_NAME = AppIcon;
				CODE_SIGN_IDENTITY = "iPhone Developer";
				INFOPLIST_FILE = TableSearch/Info.plist;
				IPHONEOS_DEPLOYMENT_TARGET = 8.4;
				LD_RUNPATH_SEARCH_PATHS = "$(inherited) @executable_path/Frameworks";
				PRODUCT_BUNDLE_IDENTIFIER = "com.DtownApps.$(PRODUCT_NAME:rfc1034identifier)";
				PRODUCT_NAME = "$(TARGET_NAME)";
			};
			name = Debug;
		};
		04B3D4121BA79B6800577649 /* Release */ = {
			isa = XCBuildConfiguration;
			buildSettings = {
				ASSETCATALOG_COMPILER_APPICON_NAME = AppIcon;
				CODE_SIGN_IDENTITY = "iPhone Developer";
				INFOPLIST_FILE = TableSearch/Info.plist;
				IPHONEOS_DEPLOYMENT_TARGET = 8.4;
				LD_RUNPATH_SEARCH_PATHS = "$(inherited) @executable_path/Frameworks";
				PRODUCT_BUNDLE_IDENTIFIER = "com.DtownApps.$(PRODUCT_NAME:rfc1034identifier)";
				PRODUCT_NAME = "$(TARGET_NAME)";
			};
			name = Release;
		};
		04B3D4141BA79B6800577649 /* Debug */ = {
			isa = XCBuildConfiguration;
			buildSettings = {
				BUNDLE_LOADER = "$(TEST_HOST)";
				FRAMEWORK_SEARCH_PATHS = "$(inherited)";
				GCC_PREPROCESSOR_DEFINITIONS = (
					"DEBUG=1",
					"$(inherited)",
				);
				INFOPLIST_FILE = TableSearchTests/Info.plist;
				LD_RUNPATH_SEARCH_PATHS = "$(inherited) @executable_path/Frameworks @loader_path/Frameworks";
				PRODUCT_BUNDLE_IDENTIFIER = "com.DtownApps.$(PRODUCT_NAME:rfc1034identifier)";
				PRODUCT_NAME = "$(TARGET_NAME)";
				TEST_HOST = "$(BUILT_PRODUCTS_DIR)/TableSearch.app/TableSearch";
			};
			name = Debug;
		};
		04B3D4151BA79B6800577649 /* Release */ = {
			isa = XCBuildConfiguration;
			buildSettings = {
				BUNDLE_LOADER = "$(TEST_HOST)";
				FRAMEWORK_SEARCH_PATHS = "$(inherited)";
				INFOPLIST_FILE = TableSearchTests/Info.plist;
				LD_RUNPATH_SEARCH_PATHS = "$(inherited) @executable_path/Frameworks @loader_path/Frameworks";
				PRODUCT_BUNDLE_IDENTIFIER = "com.DtownApps.$(PRODUCT_NAME:rfc1034identifier)";
				PRODUCT_NAME = "$(TARGET_NAME)";
				TEST_HOST = "$(BUILT_PRODUCTS_DIR)/TableSearch.app/TableSearch";
			};
			name = Release;
		};
/* End XCBuildConfiguration section */

/* Begin XCConfigurationList section */
		04B3D3EC1BA79B6800577649 /* Build configuration list for PBXProject "TableSearch" */ = {
			isa = XCConfigurationList;
			buildConfigurations = (
				04B3D40E1BA79B6800577649 /* Debug */,
				04B3D40F1BA79B6800577649 /* Release */,
			);
			defaultConfigurationIsVisible = 0;
			defaultConfigurationName = Release;
		};
		04B3D4101BA79B6800577649 /* Build configuration list for PBXNativeTarget "TableSearch" */ = {
			isa = XCConfigurationList;
			buildConfigurations = (
				04B3D4111BA79B6800577649 /* Debug */,
				04B3D4121BA79B6800577649 /* Release */,
			);
			defaultConfigurationIsVisible = 0;
			defaultConfigurationName = Release;
		};
		04B3D4131BA79B6800577649 /* Build configuration list for PBXNativeTarget "TableSearchTests" */ = {
			isa = XCConfigurationList;
			buildConfigurations = (
				04B3D4141BA79B6800577649 /* Debug */,
				04B3D4151BA79B6800577649 /* Release */,
			);
			defaultConfigurationIsVisible = 0;
			defaultConfigurationName = Release;
		};
/* End XCConfigurationList section */
	};
	rootObject = 04B3D3E91BA79B6800577649 /* Project object */;
}
